
Microsoft Visual Studio Solution File, Format Version 12.00
# Visual Studio Version 16
VisualStudioVersion = 16.0.30611.23
MinimumVisualStudioVersion = 10.0.40219.1
Project("{FAE04EC0-301F-11D3-BF4B-00C04F79EFBC}") = "Dungeons and Dragons", "Dungeons and Dragons\Dungeons and Dragons.csproj", "{7A7CEA85-866C-406E-933B-06DAE5A891CA}"
EndProject
Global
	GlobalSection(SolutionConfigurationPlatforms) = preSolution
		Debug|Any CPU = Debug|Any CPU
		Release|Any CPU = Release|Any CPU
	EndGlobalSection
	GlobalSection(ProjectConfigurationPlatforms) = postSolution
		{7A7CEA85-866C-406E-933B-06DAE5A891CA}.Debug|Any CPU.ActiveCfg = Debug|Any CPU
		{7A7CEA85-866C-406E-933B-06DAE5A891CA}.Debug|Any CPU.Build.0 = Debug|Any CPU
		{7A7CEA85-866C-406E-933B-06DAE5A891CA}.Release|Any CPU.ActiveCfg = Release|Any CPU
		{7A7CEA85-866C-406E-933B-06DAE5A891CA}.Release|Any CPU.Build.0 = Release|Any CPU
	EndGlobalSection
	GlobalSection(SolutionProperties) = preSolution
		HideSolutionNode = FALSE
	EndGlobalSection
	GlobalSection(ExtensibilityGlobals) = postSolution
		SolutionGuid = {DE92C204-0779-4CFC-AE5C-ACB5C4EAC645}
	EndGlobalSection
EndGlobal
